
Microsoft Visual Studio Solution File, Format Version 12.00
# Visual Studio 15
VisualStudioVersion = 15.0.27004.2006
MinimumVisualStudioVersion = 10.0.40219.1
Project("{FAE04EC0-301F-11D3-BF4B-00C04F79EFBC}") = "SQLiteEjemplo.Android", "SQLiteEjemplo\SQLiteEjemplo.Android\SQLiteEjemplo.Android.csproj", "{99CA8EA9-47BF-4B6A-BAF5-E49668AAB2F1}"
EndProject
Project("{FAE04EC0-301F-11D3-BF4B-00C04F79EFBC}") = "SQLiteEjemplo", "SQLiteEjemplo\SQLiteEjemplo\SQLiteEjemplo.csproj", "{DF9FFFB6-206D-4174-9491-4F8D1A8DD37C}"
EndProject
Project("{FAE04EC0-301F-11D3-BF4B-00C04F79EFBC}") = "SQLiteEjemplo.iOS", "SQLiteEjemplo\SQLiteEjemplo.iOS\SQLiteEjemplo.iOS.csproj", "{05BA669C-E63A-4C1E-8D62-DD8ADEA96104}"
EndProject
Global
	GlobalSection(SolutionConfigurationPlatforms) = preSolution
		Ad-Hoc|Any CPU = Ad-Hoc|Any CPU
		Ad-Hoc|iPhone = Ad-Hoc|iPhone
		Ad-Hoc|iPhoneSimulator = Ad-Hoc|iPhoneSimulator
		AppStore|Any CPU = AppStore|Any CPU
		AppStore|iPhone = AppStore|iPhone
		AppStore|iPhoneSimulator = AppStore|iPhoneSimulator
		Debug|Any CPU = Debug|Any CPU
		Debug|iPhone = Debug|iPhone
		Debug|iPhoneSimulator = Debug|iPhoneSimulator
		Release|Any CPU = Release|Any CPU
		Release|iPhone = Release|iPhone
		Release|iPhoneSimulator = Release|iPhoneSimulator
	EndGlobalSection
	GlobalSection(ProjectConfigurationPlatforms) = postSolution
		{99CA8EA9-47BF-4B6A-BAF5-E49668AAB2F1}.Ad-Hoc|Any CPU.ActiveCfg = Release|Any CPU
		{99CA8EA9-47BF-4B6A-BAF5-E49668AAB2F1}.Ad-Hoc|Any CPU.Build.0 = Release|Any CPU
		{99CA8EA9-47BF-4B6A-BAF5-E49668AAB2F1}.Ad-Hoc|Any CPU.Deploy.0 = Release|Any CPU
		{99CA8EA9-47BF-4B6A-BAF5-E49668AAB2F1}.Ad-Hoc|iPhone.ActiveCfg = Release|Any CPU
		{99CA8EA9-47BF-4B6A-BAF5-E49668AAB2F1}.Ad-Hoc|iPhone.Build.0 = Release|Any CPU
		{99CA8EA9-47BF-4B6A-BAF5-E49668AAB2F1}.Ad-Hoc|iPhone.Deploy.0 = Release|Any CPU
		{99CA8EA9-47BF-4B6A-BAF5-E49668AAB2F1}.Ad-Hoc|iPhoneSimulator.ActiveCfg = Release|Any CPU
		{99CA8EA9-47BF-4B6A-BAF5-E49668AAB2F1}.Ad-Hoc|iPhoneSimulator.Build.0 = Release|Any CPU
		{99CA8EA9-47BF-4B6A-BAF5-E49668AAB2F1}.Ad-Hoc|iPhoneSimulator.Deploy.0 = Release|Any CPU
		{99CA8EA9-47BF-4B6A-BAF5-E49668AAB2F1}.AppStore|Any CPU.ActiveCfg = Release|Any CPU
		{99CA8EA9-47BF-4B6A-BAF5-E49668AAB2F1}.AppStore|Any CPU.Build.0 = Release|Any CPU
		{99CA8EA9-47BF-4B6A-BAF5-E49668AAB2F1}.AppStore|Any CPU.Deploy.0 = Release|Any CPU
		{99CA8EA9-47BF-4B6A-BAF5-E49668AAB2F1}.AppStore|iPhone.ActiveCfg = Release|Any CPU
		{99CA8EA9-47BF-4B6A-BAF5-E49668AAB2F1}.AppStore|iPhone.Build.0 = Release|Any CPU
		{99CA8EA9-47BF-4B6A-BAF5-E49668AAB2F1}.AppStore|iPhone.Deploy.0 = Release|Any CPU
		{99CA8EA9-47BF-4B6A-BAF5-E49668AAB2F1}.AppStore|iPhoneSimulator.ActiveCfg = Release|Any CPU
		{99CA8EA9-47BF-4B6A-BAF5-E49668AAB2F1}.AppStore|iPhoneSimulator.Build.0 = Release|Any CPU
		{99CA8EA9-47BF-4B6A-BAF5-E49668AAB2F1}.AppStore|iPhoneSimulator.Deploy.0 = Release|Any CPU
		{99CA8EA9-47BF-4B6A-BAF5-E49668AAB2F1}.Debug|Any CPU.ActiveCfg = Debug|Any CPU
		{99CA8EA9-47BF-4B6A-BAF5-E49668AAB2F1}.Debug|Any CPU.Build.0 = Debug|Any CPU
		{99CA8EA9-47BF-4B6A-BAF5-E49668AAB2F1}.Debug|Any CPU.Deploy.0 = Debug|Any CPU
		{99CA8EA9-47BF-4B6A-BAF5-E49668AAB2F1}.Debug|iPhone.ActiveCfg = Debug|Any CPU
		{99CA8EA9-47BF-4B6A-BAF5-E49668AAB2F1}.Debug|iPhone.Build.0 = Debug|Any CPU
		{99CA8EA9-47BF-4B6A-BAF5-E49668AAB2F1}.Debug|iPhone.Deploy.0 = Debug|Any CPU
		{99CA8EA9-47BF-4B6A-BAF5-E49668AAB2F1}.Debug|iPhoneSimulator.ActiveCfg = Debug|Any CPU
		{99CA8EA9-47BF-4B6A-BAF5-E49668AAB2F1}.Debug|iPhoneSimulator.Build.0 = Debug|Any CPU
		{99CA8EA9-47BF-4B6A-BAF5-E49668AAB2F1}.Debug|iPhoneSimulator.Deploy.0 = Debug|Any CPU
		{99CA8EA9-47BF-4B6A-BAF5-E49668AAB2F1}.Release|Any CPU.ActiveCfg = Release|Any CPU
		{99CA8EA9-47BF-4B6A-BAF5-E49668AAB2F1}.Release|Any CPU.Build.0 = Release|Any CPU
		{99CA8EA9-47BF-4B6A-BAF5-E49668AAB2F1}.Release|Any CPU.Deploy.0 = Release|Any CPU
		{99CA8EA9-47BF-4B6A-BAF5-E49668AAB2F1}.Release|iPhone.ActiveCfg = Release|Any CPU
		{99CA8EA9-47BF-4B6A-BAF5-E49668AAB2F1}.Release|iPhone.Build.0 = Release|Any CPU
		{99CA8EA9-47BF-4B6A-BAF5-E49668AAB2F1}.Release|iPhone.Deploy.0 = Release|Any CPU
		{99CA8EA9-47BF-4B6A-BAF5-E49668AAB2F1}.Release|iPhoneSimulator.ActiveCfg = Release|Any CPU
		{99CA8EA9-47BF-4B6A-BAF5-E49668AAB2F1}.Release|iPhoneSimulator.Build.0 = Release|Any CPU
		{99CA8EA9-47BF-4B6A-BAF5-E49668AAB2F1}.Release|iPhoneSimulator.Deploy.0 = Release|Any CPU
		{DF9FFFB6-206D-4174-9491-4F8D1A8DD37C}.Ad-Hoc|Any CPU.ActiveCfg = Release|Any CPU
		{DF9FFFB6-206D-4174-9491-4F8D1A8DD37C}.Ad-Hoc|Any CPU.Build.0 = Release|Any CPU
		{DF9FFFB6-206D-4174-9491-4F8D1A8DD37C}.Ad-Hoc|iPhone.ActiveCfg = Release|Any CPU
		{DF9FFFB6-206D-4174-9491-4F8D1A8DD37C}.Ad-Hoc|iPhone.Build.0 = Release|Any CPU
		{DF9FFFB6-206D-4174-9491-4F8D1A8DD37C}.Ad-Hoc|iPhoneSimulator.ActiveCfg = Release|Any CPU
		{DF9FFFB6-206D-4174-9491-4F8D1A8DD37C}.Ad-Hoc|iPhoneSimulator.Build.0 = Release|Any CPU
		{DF9FFFB6-206D-4174-9491-4F8D1A8DD37C}.AppStore|Any CPU.ActiveCfg = Release|Any CPU
		{DF9FFFB6-206D-4174-9491-4F8D1A8DD37C}.AppStore|Any CPU.Build.0 = Release|Any CPU
		{DF9FFFB6-206D-4174-9491-4F8D1A8DD37C}.AppStore|iPhone.ActiveCfg = Release|Any CPU
		{DF9FFFB6-206D-4174-9491-4F8D1A8DD37C}.AppStore|iPhone.Build.0 = Release|Any CPU
		{DF9FFFB6-206D-4174-9491-4F8D1A8DD37C}.AppStore|iPhoneSimulator.ActiveCfg = Release|Any CPU
		{DF9FFFB6-206D-4174-9491-4F8D1A8DD37C}.AppStore|iPhoneSimulator.Build.0 = Release|Any CPU
		{DF9FFFB6-206D-4174-9491-4F8D1A8DD37C}.Debug|Any CPU.ActiveCfg = Debug|Any CPU
		{DF9FFFB6-206D-4174-9491-4F8D1A8DD37C}.Debug|Any CPU.Build.0 = Debug|Any CPU
		{DF9FFFB6-206D-4174-9491-4F8D1A8DD37C}.Debug|iPhone.ActiveCfg = Debug|Any CPU
		{DF9FFFB6-206D-4174-9491-4F8D1A8DD37C}.Debug|iPhone.Build.0 = Debug|Any CPU
		{DF9FFFB6-206D-4174-9491-4F8D1A8DD37C}.Debug|iPhoneSimulator.ActiveCfg = Debug|Any CPU
		{DF9FFFB6-206D-4174-9491-4F8D1A8DD37C}.Debug|iPhoneSimulator.Build.0 = Debug|Any CPU
		{DF9FFFB6-206D-4174-9491-4F8D1A8DD37C}.Release|Any CPU.ActiveCfg = Release|Any CPU
		{DF9FFFB6-206D-4174-9491-4F8D1A8DD37C}.Release|Any CPU.Build.0 = Release|Any CPU
		{DF9FFFB6-206D-4174-9491-4F8D1A8DD37C}.Release|iPhone.ActiveCfg = Release|Any CPU
		{DF9FFFB6-206D-4174-9491-4F8D1A8DD37C}.Release|iPhone.Build.0 = Release|Any CPU
		{DF9FFFB6-206D-4174-9491-4F8D1A8DD37C}.Release|iPhoneSimulator.ActiveCfg = Release|Any CPU
		{DF9FFFB6-206D-4174-9491-4F8D1A8DD37C}.Release|iPhoneSimulator.Build.0 = Release|Any CPU
		{05BA669C-E63A-4C1E-8D62-DD8ADEA96104}.Ad-Hoc|Any CPU.ActiveCfg = Ad-Hoc|iPhoneSimulator
		{05BA669C-E63A-4C1E-8D62-DD8ADEA96104}.Ad-Hoc|iPhone.ActiveCfg = Ad-Hoc|iPhone
		{05BA669C-E63A-4C1E-8D62-DD8ADEA96104}.Ad-Hoc|iPhone.Build.0 = Ad-Hoc|iPhone
		{05BA669C-E63A-4C1E-8D62-DD8ADEA96104}.Ad-Hoc|iPhoneSimulator.ActiveCfg = Ad-Hoc|iPhoneSimulator
		{05BA669C-E63A-4C1E-8D62-DD8ADEA96104}.Ad-Hoc|iPhoneSimulator.Build.0 = Ad-Hoc|iPhoneSimulator
		{05BA669C-E63A-4C1E-8D62-DD8ADEA96104}.AppStore|Any CPU.ActiveCfg = AppStore|iPhoneSimulator
		{05BA669C-E63A-4C1E-8D62-DD8ADEA96104}.AppStore|iPhone.ActiveCfg = AppStore|iPhone
		{05BA669C-E63A-4C1E-8D62-DD8ADEA96104}.AppStore|iPhone.Build.0 = AppStore|iPhone
		{05BA669C-E63A-4C1E-8D62-DD8ADEA96104}.AppStore|iPhoneSimulator.ActiveCfg = AppStore|iPhoneSimulator
		{05BA669C-E63A-4C1E-8D62-DD8ADEA96104}.AppStore|iPhoneSimulator.Build.0 = AppStore|iPhoneSimulator
		{05BA669C-E63A-4C1E-8D62-DD8ADEA96104}.Debug|Any CPU.ActiveCfg = Debug|iPhoneSimulator
		{05BA669C-E63A-4C1E-8D62-DD8ADEA96104}.Debug|iPhone.ActiveCfg = Debug|iPhone
		{05BA669C-E63A-4C1E-8D62-DD8ADEA96104}.Debug|iPhone.Build.0 = Debug|iPhone
		{05BA669C-E63A-4C1E-8D62-DD8ADEA96104}.Debug|iPhoneSimulator.ActiveCfg = Debug|iPhoneSimulator
		{05BA669C-E63A-4C1E-8D62-DD8ADEA96104}.Debug|iPhoneSimulator.Build.0 = Debug|iPhoneSimulator
		{05BA669C-E63A-4C1E-8D62-DD8ADEA96104}.Release|Any CPU.ActiveCfg = Release|iPhoneSimulator
		{05BA669C-E63A-4C1E-8D62-DD8ADEA96104}.Release|iPhone.ActiveCfg = Release|iPhone
		{05BA669C-E63A-4C1E-8D62-DD8ADEA96104}.Release|iPhone.Build.0 = Release|iPhone
		{05BA669C-E63A-4C1E-8D62-DD8ADEA96104}.Release|iPhoneSimulator.ActiveCfg = Release|iPhoneSimulator
		{05BA669C-E63A-4C1E-8D62-DD8ADEA96104}.Release|iPhoneSimulator.Build.0 = Release|iPhoneSimulator
	EndGlobalSection
	GlobalSection(SolutionProperties) = preSolution
		HideSolutionNode = FALSE
	EndGlobalSection
	GlobalSection(ExtensibilityGlobals) = postSolution
		SolutionGuid = {AEA10E3D-C6C4-4CD1-91F4-32B3C4A50AFD}
	EndGlobalSection
EndGlobal
